github.com/gsiems/db-dialect v0.0.0-20250131160308-52df3ea8c495 h1:CveB0yBoDrzXu8O5OCAiC0FZsrJ9uNuZocVTGMndfJk=
github.com/gsiems/db-dialect v0.0.0-20250131160308-52df3ea8c495/go.mod h1:jhWtpsvBDT8HEW6Od8nOq+vw+PcKpV7sDkl2JtabL2s=
golang.org/x/net v0.36.0 h1:vWF2fRbw4qslQsQzgFqZff+BItCvGFQqKzKIzx1rmoA=
golang.org/x/net v0.36.0/go.mod h1:bFmbeoIPfrw4sMHNhb4J9f6+tPziuGjq7Jk/38fxi1I=
golang.org/x/text v0.22.0 h1:bofq7m3/HAFvbF51jz3Q9wLg3jkvSPuiZu/pD1XwgtM=
golang.org/x/text v0.22.0/go.mod h1:YRoo4H8PVmsu+E3Ou7cqLVH8oXWIHVoX0jqUWALQhfY=
